
Microsoft Visual Studio Solution File, Format Version 12.00
# Visual Studio Version 17
VisualStudioVersion = 17.3.32929.385
MinimumVisualStudioVersion = 10.0.40219.1
Project("{FAE04EC0-301F-11D3-BF4B-00C04F79EFBC}") = "UdemyRealWorldUnitTest.Web", "UdemyRealWorldUnitTest.Web\UdemyRealWorldUnitTest.Web.csproj", "{5E8C6A3F-2DC8-406C-B23C-6FD25A65CBDE}"
EndProject
Project("{FAE04EC0-301F-11D3-BF4B-00C04F79EFBC}") = "UdemyRealWorldUnitTest.Test", "UdemyRealWorldUnitTest.Test\UdemyRealWorldUnitTest.Test.csproj", "{C7B0EFAD-4B0C-4C34-BA4D-AEBD90F1DEA9}"
EndProject
Global
	GlobalSection(SolutionConfigurationPlatforms) = preSolution
		Debug|Any CPU = Debug|Any CPU
		Release|Any CPU = Release|Any CPU
	EndGlobalSection
	GlobalSection(ProjectConfigurationPlatforms) = postSolution
		{5E8C6A3F-2DC8-406C-B23C-6FD25A65CBDE}.Debug|Any CPU.ActiveCfg = Debug|Any CPU
		{5E8C6A3F-2DC8-406C-B23C-6FD25A65CBDE}.Debug|Any CPU.Build.0 = Debug|Any CPU
		{5E8C6A3F-2DC8-406C-B23C-6FD25A65CBDE}.Release|Any CPU.ActiveCfg = Release|Any CPU
		{5E8C6A3F-2DC8-406C-B23C-6FD25A65CBDE}.Release|Any CPU.Build.0 = Release|Any CPU
		{C7B0EFAD-4B0C-4C34-BA4D-AEBD90F1DEA9}.Debug|Any CPU.ActiveCfg = Debug|Any CPU
		{C7B0EFAD-4B0C-4C34-BA4D-AEBD90F1DEA9}.Debug|Any CPU.Build.0 = Debug|Any CPU
		{C7B0EFAD-4B0C-4C34-BA4D-AEBD90F1DEA9}.Release|Any CPU.ActiveCfg = Release|Any CPU
		{C7B0EFAD-4B0C-4C34-BA4D-AEBD90F1DEA9}.Release|Any CPU.Build.0 = Release|Any CPU
	EndGlobalSection
	GlobalSection(SolutionProperties) = preSolution
		HideSolutionNode = FALSE
	EndGlobalSection
	GlobalSection(ExtensibilityGlobals) = postSolution
		SolutionGuid = {47ABE1F8-7D26-4DBD-AA8E-E7385711A6FD}
	EndGlobalSection
EndGlobal
